
Microsoft Visual Studio Solution File, Format Version 12.00
# Visual Studio 15
VisualStudioVersion = 15.0.27428.1
MinimumVisualStudioVersion = 10.0.40219.1
Project("{F184B08F-C81C-45F6-A57F-5ABD9991F28F}") = "LeyLocker", "Shutdown of Devil\LeyLocker.vbproj", "{605F420D-CC18-43BD-A314-98BCD7D493D8}"
EndProject
Global
	GlobalSection(SolutionConfigurationPlatforms) = preSolution
		Debug|Any CPU = Debug|Any CPU
		Release|Any CPU = Release|Any CPU
	EndGlobalSection
	GlobalSection(ProjectConfigurationPlatforms) = postSolution
		{605F420D-CC18-43BD-A314-98BCD7D493D8}.Debug|Any CPU.ActiveCfg = Debug|Any CPU
		{605F420D-CC18-43BD-A314-98BCD7D493D8}.Debug|Any CPU.Build.0 = Debug|Any CPU
		{605F420D-CC18-43BD-A314-98BCD7D493D8}.Release|Any CPU.ActiveCfg = Release|Any CPU
		{605F420D-CC18-43BD-A314-98BCD7D493D8}.Release|Any CPU.Build.0 = Release|Any CPU
	EndGlobalSection
	GlobalSection(SolutionProperties) = preSolution
		HideSolutionNode = FALSE
	EndGlobalSection
	GlobalSection(ExtensibilityGlobals) = postSolution
		SolutionGuid = {59CC5772-7871-4813-905F-46AF34DEADD0}
	EndGlobalSection
EndGlobal
